# generated by rye
# use `rye lock` or `rye sync` to update this lockfile
#
# last locked with the following flags:
#   pre: false
#   features: []
#   all-features: false
#   with-sources: false
#   generate-hashes: false
#   universal: false

-e file:.
alembic==1.16.4
    # via app
annotated-types==0.7.0
    # via pydantic
anyio==4.10.0
    # via starlette
beanie==2.0.0
    # via app
click==8.2.1
    # via beanie
    # via uvicorn
dnspython==2.7.0
    # via pymongo
fastapi==0.116.1
    # via app
h11==0.16.0
    # via uvicorn
idna==3.10
    # via anyio
lazy-model==0.3.0
    # via beanie
loguru==0.7.3
    # via app
mako==1.3.10
    # via alembic
markupsafe==3.0.2
    # via mako
pydantic==2.11.7
    # via app
    # via beanie
    # via fastapi
    # via lazy-model
    # via pydantic-settings
pydantic-core==2.33.2
    # via pydantic
pydantic-settings==2.10.1
    # via app
pymongo==4.14.1
    # via beanie
python-dotenv==1.1.1
    # via pydantic-settings
sniffio==1.3.1
    # via anyio
sqlalchemy==2.0.43
    # via alembic
starlette==0.47.2
    # via fastapi
typing-extensions==4.14.1
    # via alembic
    # via beanie
    # via fastapi
    # via pydantic
    # via pydantic-core
    # via sqlalchemy
    # via typing-inspection
typing-inspection==0.4.1
    # via pydantic
    # via pydantic-settings
uvicorn==0.35.0
    # via app
